
Microsoft Visual Studio Solution File, Format Version 12.00
# Visual Studio Version 17
VisualStudioVersion = 17.10.34928.147
MinimumVisualStudioVersion = 10.0.40219.1
Project("{FAE04EC0-301F-11D3-BF4B-00C04F79EFBC}") = "FloatingStopWatch", "FloatingStopWatch\FloatingStopWatch.csproj", "{7B4C04BB-3128-4D71-9A7A-2465961FFA63}"
EndProject
Global
	GlobalSection(SolutionConfigurationPlatforms) = preSolution
		Debug|Any CPU = Debug|Any CPU
		Release|Any CPU = Release|Any CPU
	EndGlobalSection
	GlobalSection(ProjectConfigurationPlatforms) = postSolution
		{7B4C04BB-3128-4D71-9A7A-2465961FFA63}.Debug|Any CPU.ActiveCfg = Debug|Any CPU
		{7B4C04BB-3128-4D71-9A7A-2465961FFA63}.Debug|Any CPU.Build.0 = Debug|Any CPU
		{7B4C04BB-3128-4D71-9A7A-2465961FFA63}.Release|Any CPU.ActiveCfg = Release|Any CPU
		{7B4C04BB-3128-4D71-9A7A-2465961FFA63}.Release|Any CPU.Build.0 = Release|Any CPU
	EndGlobalSection
	GlobalSection(SolutionProperties) = preSolution
		HideSolutionNode = FALSE
	EndGlobalSection
	GlobalSection(ExtensibilityGlobals) = postSolution
		SolutionGuid = {A24BA2F6-7C05-4D19-82B2-63B8862F1A4F}
	EndGlobalSection
EndGlobal
